
Microsoft Visual Studio Solution File, Format Version 12.00
# Visual Studio Version 16
VisualStudioVersion = 16.0.33920.266
MinimumVisualStudioVersion = 10.0.40219.1
Project("{FAE04EC0-301F-11D3-BF4B-00C04F79EFBC}") = "Ej1_NPOI_Desktop", "Ej1_NPOI_Desktop\Ej1_NPOI_Desktop.csproj", "{2C214913-45A0-4058-8905-39C49E01BC91}"
EndProject
Project("{FAE04EC0-301F-11D3-BF4B-00C04F79EFBC}") = "NPOI_excel_ClassLib", "NPOI_excel_ClassLib\NPOI_excel_ClassLib.csproj", "{AE7D44E5-956C-4FC5-B04D-164E6E926ECC}"
EndProject
Project("{FAE04EC0-301F-11D3-BF4B-00C04F79EFBC}") = "Ej3_NPOI_API", "Ej3_NPOI_API\Ej3_NPOI_API.csproj", "{3091072D-18D5-473A-85F5-3B4B27CC886B}"
EndProject
Project("{FAE04EC0-301F-11D3-BF4B-00C04F79EFBC}") = "Ej2_NPOI_Web", "Ej2_NPOI_Web\Ej2_NPOI_Web.csproj", "{13320FDA-B838-4F2A-9BC2-314D6DF1AA95}"
EndProject
Project("{FAE04EC0-301F-11D3-BF4B-00C04F79EFBC}") = "MiniExcel_excel_ClassLib", "MiniExcel_excel_ClassLib\MiniExcel_excel_ClassLib.csproj", "{22CE985A-E890-4779-B604-E3DDF279C6E6}"
EndProject
Global
	GlobalSection(SolutionConfigurationPlatforms) = preSolution
		Debug|Any CPU = Debug|Any CPU
		Release|Any CPU = Release|Any CPU
	EndGlobalSection
	GlobalSection(ProjectConfigurationPlatforms) = postSolution
		{2C214913-45A0-4058-8905-39C49E01BC91}.Debug|Any CPU.ActiveCfg = Debug|Any CPU
		{2C214913-45A0-4058-8905-39C49E01BC91}.Debug|Any CPU.Build.0 = Debug|Any CPU
		{2C214913-45A0-4058-8905-39C49E01BC91}.Release|Any CPU.ActiveCfg = Release|Any CPU
		{2C214913-45A0-4058-8905-39C49E01BC91}.Release|Any CPU.Build.0 = Release|Any CPU
		{AE7D44E5-956C-4FC5-B04D-164E6E926ECC}.Debug|Any CPU.ActiveCfg = Debug|Any CPU
		{AE7D44E5-956C-4FC5-B04D-164E6E926ECC}.Debug|Any CPU.Build.0 = Debug|Any CPU
		{AE7D44E5-956C-4FC5-B04D-164E6E926ECC}.Release|Any CPU.ActiveCfg = Release|Any CPU
		{AE7D44E5-956C-4FC5-B04D-164E6E926ECC}.Release|Any CPU.Build.0 = Release|Any CPU
		{3091072D-18D5-473A-85F5-3B4B27CC886B}.Debug|Any CPU.ActiveCfg = Debug|Any CPU
		{3091072D-18D5-473A-85F5-3B4B27CC886B}.Debug|Any CPU.Build.0 = Debug|Any CPU
		{3091072D-18D5-473A-85F5-3B4B27CC886B}.Release|Any CPU.ActiveCfg = Release|Any CPU
		{3091072D-18D5-473A-85F5-3B4B27CC886B}.Release|Any CPU.Build.0 = Release|Any CPU
		{13320FDA-B838-4F2A-9BC2-314D6DF1AA95}.Debug|Any CPU.ActiveCfg = Debug|Any CPU
		{13320FDA-B838-4F2A-9BC2-314D6DF1AA95}.Debug|Any CPU.Build.0 = Debug|Any CPU
		{13320FDA-B838-4F2A-9BC2-314D6DF1AA95}.Release|Any CPU.ActiveCfg = Release|Any CPU
		{13320FDA-B838-4F2A-9BC2-314D6DF1AA95}.Release|Any CPU.Build.0 = Release|Any CPU
		{22CE985A-E890-4779-B604-E3DDF279C6E6}.Debug|Any CPU.ActiveCfg = Debug|Any CPU
		{22CE985A-E890-4779-B604-E3DDF279C6E6}.Debug|Any CPU.Build.0 = Debug|Any CPU
		{22CE985A-E890-4779-B604-E3DDF279C6E6}.Release|Any CPU.ActiveCfg = Release|Any CPU
		{22CE985A-E890-4779-B604-E3DDF279C6E6}.Release|Any CPU.Build.0 = Release|Any CPU
	EndGlobalSection
	GlobalSection(SolutionProperties) = preSolution
		HideSolutionNode = FALSE
	EndGlobalSection
	GlobalSection(ExtensibilityGlobals) = postSolution
		SolutionGuid = {DBD939B3-4D3A-4E54-900A-6DA21B8C94FE}
	EndGlobalSection
EndGlobal
