
Microsoft Visual Studio Solution File, Format Version 12.00
# Visual Studio Version 16
VisualStudioVersion = 16.0.33920.266
MinimumVisualStudioVersion = 10.0.40219.1
Project("{FAE04EC0-301F-11D3-BF4B-00C04F79EFBC}") = "Ej1_PDFdesdeHTML_Desktop", "Ej1_PDFdesdeHTML_Desktop\Ej1_PDFdesdeHTML_Desktop.csproj", "{F5DE18FF-5054-47CB-A724-D704759F252A}"
EndProject
Project("{FAE04EC0-301F-11D3-BF4B-00C04F79EFBC}") = "selectPDFClassLib", "selectPDFClassLib\selectPDFClassLib.csproj", "{233A694F-01D4-4653-8046-3DC9F6349814}"
EndProject
Project("{FAE04EC0-301F-11D3-BF4B-00C04F79EFBC}") = "itext7.pdfhtmlClassLib", "itext7.pdfhtmlClassLib\itext7.pdfhtmlClassLib.csproj", "{FA8CAC45-2155-4050-ADA9-54ACDE15F9D2}"
EndProject
Global
	GlobalSection(SolutionConfigurationPlatforms) = preSolution
		Debug|Any CPU = Debug|Any CPU
		Release|Any CPU = Release|Any CPU
	EndGlobalSection
	GlobalSection(ProjectConfigurationPlatforms) = postSolution
		{F5DE18FF-5054-47CB-A724-D704759F252A}.Debug|Any CPU.ActiveCfg = Debug|Any CPU
		{F5DE18FF-5054-47CB-A724-D704759F252A}.Debug|Any CPU.Build.0 = Debug|Any CPU
		{F5DE18FF-5054-47CB-A724-D704759F252A}.Release|Any CPU.ActiveCfg = Release|Any CPU
		{F5DE18FF-5054-47CB-A724-D704759F252A}.Release|Any CPU.Build.0 = Release|Any CPU
		{233A694F-01D4-4653-8046-3DC9F6349814}.Debug|Any CPU.ActiveCfg = Debug|Any CPU
		{233A694F-01D4-4653-8046-3DC9F6349814}.Debug|Any CPU.Build.0 = Debug|Any CPU
		{233A694F-01D4-4653-8046-3DC9F6349814}.Release|Any CPU.ActiveCfg = Release|Any CPU
		{233A694F-01D4-4653-8046-3DC9F6349814}.Release|Any CPU.Build.0 = Release|Any CPU
		{FA8CAC45-2155-4050-ADA9-54ACDE15F9D2}.Debug|Any CPU.ActiveCfg = Debug|Any CPU
		{FA8CAC45-2155-4050-ADA9-54ACDE15F9D2}.Debug|Any CPU.Build.0 = Debug|Any CPU
		{FA8CAC45-2155-4050-ADA9-54ACDE15F9D2}.Release|Any CPU.ActiveCfg = Release|Any CPU
		{FA8CAC45-2155-4050-ADA9-54ACDE15F9D2}.Release|Any CPU.Build.0 = Release|Any CPU
	EndGlobalSection
	GlobalSection(SolutionProperties) = preSolution
		HideSolutionNode = FALSE
	EndGlobalSection
	GlobalSection(ExtensibilityGlobals) = postSolution
		SolutionGuid = {DBD939B3-4D3A-4E54-900A-6DA21B8C94FE}
	EndGlobalSection
EndGlobal
