
Microsoft Visual Studio Solution File, Format Version 12.00
# Visual Studio Version 16
VisualStudioVersion = 16.0.33920.266
MinimumVisualStudioVersion = 10.0.40219.1
Project("{FAE04EC0-301F-11D3-BF4B-00C04F79EFBC}") = "QRCoder_ClassLib", "QRCoder_ClassLib\QRCoder_ClassLib.csproj", "{AE7D44E5-956C-4FC5-B04D-164E6E926ECC}"
EndProject
Project("{FAE04EC0-301F-11D3-BF4B-00C04F79EFBC}") = "Ej1_QR_Desktop", "Ej1_QR_Desktop\Ej1_QR_Desktop.csproj", "{9BEB0D39-4322-4D7A-8590-DAC7938B10C3}"
EndProject
Project("{FAE04EC0-301F-11D3-BF4B-00C04F79EFBC}") = "Ej2_QR_Desktop", "Ej2_QR_Desktop\Ej2_QR_Desktop.csproj", "{E128B096-A7D0-42C0-927A-55A7CE7F0BEF}"
EndProject
Project("{FAE04EC0-301F-11D3-BF4B-00C04F79EFBC}") = "Ej3_QR_Desktop", "Ej3_QR_Desktop\Ej3_QR_Desktop.csproj", "{DED4AC9D-1ACF-4E8D-915D-C1C88C7BA9F0}"
EndProject
Global
	GlobalSection(SolutionConfigurationPlatforms) = preSolution
		Debug|Any CPU = Debug|Any CPU
		Release|Any CPU = Release|Any CPU
	EndGlobalSection
	GlobalSection(ProjectConfigurationPlatforms) = postSolution
		{AE7D44E5-956C-4FC5-B04D-164E6E926ECC}.Debug|Any CPU.ActiveCfg = Debug|Any CPU
		{AE7D44E5-956C-4FC5-B04D-164E6E926ECC}.Debug|Any CPU.Build.0 = Debug|Any CPU
		{AE7D44E5-956C-4FC5-B04D-164E6E926ECC}.Release|Any CPU.ActiveCfg = Release|Any CPU
		{AE7D44E5-956C-4FC5-B04D-164E6E926ECC}.Release|Any CPU.Build.0 = Release|Any CPU
		{9BEB0D39-4322-4D7A-8590-DAC7938B10C3}.Debug|Any CPU.ActiveCfg = Debug|Any CPU
		{9BEB0D39-4322-4D7A-8590-DAC7938B10C3}.Debug|Any CPU.Build.0 = Debug|Any CPU
		{9BEB0D39-4322-4D7A-8590-DAC7938B10C3}.Release|Any CPU.ActiveCfg = Release|Any CPU
		{9BEB0D39-4322-4D7A-8590-DAC7938B10C3}.Release|Any CPU.Build.0 = Release|Any CPU
		{E128B096-A7D0-42C0-927A-55A7CE7F0BEF}.Debug|Any CPU.ActiveCfg = Debug|Any CPU
		{E128B096-A7D0-42C0-927A-55A7CE7F0BEF}.Debug|Any CPU.Build.0 = Debug|Any CPU
		{E128B096-A7D0-42C0-927A-55A7CE7F0BEF}.Release|Any CPU.ActiveCfg = Release|Any CPU
		{E128B096-A7D0-42C0-927A-55A7CE7F0BEF}.Release|Any CPU.Build.0 = Release|Any CPU
		{DED4AC9D-1ACF-4E8D-915D-C1C88C7BA9F0}.Debug|Any CPU.ActiveCfg = Debug|Any CPU
		{DED4AC9D-1ACF-4E8D-915D-C1C88C7BA9F0}.Debug|Any CPU.Build.0 = Debug|Any CPU
		{DED4AC9D-1ACF-4E8D-915D-C1C88C7BA9F0}.Release|Any CPU.ActiveCfg = Release|Any CPU
		{DED4AC9D-1ACF-4E8D-915D-C1C88C7BA9F0}.Release|Any CPU.Build.0 = Release|Any CPU
	EndGlobalSection
	GlobalSection(SolutionProperties) = preSolution
		HideSolutionNode = FALSE
	EndGlobalSection
	GlobalSection(ExtensibilityGlobals) = postSolution
		SolutionGuid = {DBD939B3-4D3A-4E54-900A-6DA21B8C94FE}
	EndGlobalSection
EndGlobal
